// !$*UTF8*$!
{
	archiveVersion = 1;
	classes = {
	};
	objectVersion = 50;
	objects = {

/* Begin PBXBuildFile section */
		8475066625455BBE00BC939C /* AppDelegate.swift in Sources */ = {isa = PBXBuildFile; fileRef = 8475066525455BBE00BC939C /* AppDelegate.swift */; };
		8475066825455BBE00BC939C /* SceneDelegate.swift in Sources */ = {isa = PBXBuildFile; fileRef = 8475066725455BBE00BC939C /* SceneDelegate.swift */; };
		8475066A25455BBE00BC939C /* ViewController.swift in Sources */ = {isa = PBXBuildFile; fileRef = 8475066925455BBE00BC939C /* ViewController.swift */; };
		8475066F25455BBF00BC939C /* Assets.xcassets in Resources */ = {isa = PBXBuildFile; fileRef = 8475066E25455BBF00BC939C /* Assets.xcassets */; };
		8475067225455BBF00BC939C /* LaunchScreen.storyboard in Resources */ = {isa = PBXBuildFile; fileRef = 8475067025455BBF00BC939C /* LaunchScreen.storyboard */; };
		8475067C25455E3C00BC939C /* User.swift in Sources */ = {isa = PBXBuildFile; fileRef = 8475067B25455E3C00BC939C /* User.swift */; };
		8475067F2545714000BC939C /* UIView+AutoLayout.swift in Sources */ = {isa = PBXBuildFile; fileRef = 8475067E2545714000BC939C /* UIView+AutoLayout.swift */; };
		847506822545716900BC939C /* AutoLayoutPropertyWrapper.swift in Sources */ = {isa = PBXBuildFile; fileRef = 847506812545716900BC939C /* AutoLayoutPropertyWrapper.swift */; };
/* End PBXBuildFile section */

/* Begin PBXFileReference section */
		8475066225455BBE00BC939C /* DiffableDataSourceExample.app */ = {isa = PBXFileReference; explicitFileType = wrapper.application; includeInIndex = 0; path = DiffableDataSourceExample.app; sourceTree = BUILT_PRODUCTS_DIR; };
		8475066525455BBE00BC939C /* AppDelegate.swift */ = {isa = PBXFileReference; lastKnownFileType = sourcecode.swift; path = AppDelegate.swift; sourceTree = "<group>"; };
		8475066725455BBE00BC939C /* SceneDelegate.swift */ = {isa = PBXFileReference; lastKnownFileType = sourcecode.swift; path = SceneDelegate.swift; sourceTree = "<group>"; };
		8475066925455BBE00BC939C /* ViewController.swift */ = {isa = PBXFileReference; lastKnownFileType = sourcecode.swift; path = ViewController.swift; sourceTree = "<group>"; };
		8475066E25455BBF00BC939C /* Assets.xcassets */ = {isa = PBXFileReference; lastKnownFileType = folder.assetcatalog; path = Assets.xcassets; sourceTree = "<group>"; };
		8475067125455BBF00BC939C /* Base */ = {isa = PBXFileReference; lastKnownFileType = file.storyboard; name = Base; path = Base.lproj/LaunchScreen.storyboard; sourceTree = "<group>"; };
		8475067325455BBF00BC939C /* Info.plist */ = {isa = PBXFileReference; lastKnownFileType = text.plist.xml; path = Info.plist; sourceTree = "<group>"; };
		8475067B25455E3C00BC939C /* User.swift */ = {isa = PBXFileReference; lastKnownFileType = sourcecode.swift; path = User.swift; sourceTree = "<group>"; };
		8475067E2545714000BC939C /* UIView+AutoLayout.swift */ = {isa = PBXFileReference; lastKnownFileType = sourcecode.swift; path = "UIView+AutoLayout.swift"; sourceTree = "<group>"; };
		847506812545716900BC939C /* AutoLayoutPropertyWrapper.swift */ = {isa = PBXFileReference; lastKnownFileType = sourcecode.swift; path = AutoLayoutPropertyWrapper.swift; sourceTree = "<group>"; };
/* End PBXFileReference section */

/* Begin PBXFrameworksBuildPhase section */
		8475065F25455BBE00BC939C /* Frameworks */ = {
			isa = PBXFrameworksBuildPhase;
			buildActionMask = 2147483647;
			files = (
			);
			runOnlyForDeploymentPostprocessing = 0;
		};
/* End PBXFrameworksBuildPhase section */

/* Begin PBXGroup section */
		8475065925455BBE00BC939C = {
			isa = PBXGroup;
			children = (
				8475066425455BBE00BC939C /* DiffableDataSourceExample */,
				8475066325455BBE00BC939C /* Products */,
			);
			sourceTree = "<group>";
		};
		8475066325455BBE00BC939C /* Products */ = {
			isa = PBXGroup;
			children = (
				8475066225455BBE00BC939C /* DiffableDataSourceExample.app */,
			);
			name = Products;
			sourceTree = "<group>";
		};
		8475066425455BBE00BC939C /* DiffableDataSourceExample */ = {
			isa = PBXGroup;
			children = (
				8475068725457B7100BC939C /* Extensions */,
				8475068525457B6000BC939C /* Controller */,
				8475068425457B5200BC939C /* Model */,
				8475066525455BBE00BC939C /* AppDelegate.swift */,
				8475066725455BBE00BC939C /* SceneDelegate.swift */,
				8475066E25455BBF00BC939C /* Assets.xcassets */,
				8475067025455BBF00BC939C /* LaunchScreen.storyboard */,
				8475067325455BBF00BC939C /* Info.plist */,
			);
			path = DiffableDataSourceExample;
			sourceTree = "<group>";
		};
		8475068425457B5200BC939C /* Model */ = {
			isa = PBXGroup;
			children = (
				8475067B25455E3C00BC939C /* User.swift */,
			);
			path = Model;
			sourceTree = "<group>";
		};
		8475068525457B6000BC939C /* Controller */ = {
			isa = PBXGroup;
			children = (
				8475066925455BBE00BC939C /* ViewController.swift */,
			);
			path = Controller;
			sourceTree = "<group>";
		};
		8475068725457B7100BC939C /* Extensions */ = {
			isa = PBXGroup;
			children = (
				8475067E2545714000BC939C /* UIView+AutoLayout.swift */,
				847506812545716900BC939C /* AutoLayoutPropertyWrapper.swift */,
			);
			path = Extensions;
			sourceTree = "<group>";
		};
/* End PBXGroup section */

/* Begin PBXNativeTarget section */
		8475066125455BBE00BC939C /* DiffableDataSourceExample */ = {
			isa = PBXNativeTarget;
			buildConfigurationList = 8475067625455BBF00BC939C /* Build configuration list for PBXNativeTarget "DiffableDataSourceExample" */;
			buildPhases = (
				8475065E25455BBE00BC939C /* Sources */,
				8475065F25455BBE00BC939C /* Frameworks */,
				8475066025455BBE00BC939C /* Resources */,
			);
			buildRules = (
			);
			dependencies = (
			);
			name = DiffableDataSourceExample;
			productName = DiffableDataSourceExample;
			productReference = 8475066225455BBE00BC939C /* DiffableDataSourceExample.app */;
			productType = "com.apple.product-type.application";
		};
/* End PBXNativeTarget section */

/* Begin PBXProject section */
		8475065A25455BBE00BC939C /* Project object */ = {
			isa = PBXProject;
			attributes = {
				LastSwiftUpdateCheck = 1210;
				LastUpgradeCheck = 1210;
				TargetAttributes = {
					8475066125455BBE00BC939C = {
						CreatedOnToolsVersion = 12.1;
					};
				};
			};
			buildConfigurationList = 8475065D25455BBE00BC939C /* Build configuration list for PBXProject "DiffableDataSourceExample" */;
			compatibilityVersion = "Xcode 9.3";
			developmentRegion = en;
			hasScannedForEncodings = 0;
			knownRegions = (
				en,
				Base,
			);
			mainGroup = 8475065925455BBE00BC939C;
			productRefGroup = 8475066325455BBE00BC939C /* Products */;
			projectDirPath = "";
			projectRoot = "";
			targets = (
				8475066125455BBE00BC939C /* DiffableDataSourceExample */,
			);
		};
/* End PBXProject section */

/* Begin PBXResourcesBuildPhase section */
		8475066025455BBE00BC939C /* Resources */ = {
			isa = PBXResourcesBuildPhase;
			buildActionMask = 2147483647;
			files = (
				8475067225455BBF00BC939C /* LaunchScreen.storyboard in Resources */,
				8475066F25455BBF00BC939C /* Assets.xcassets in Resources */,
			);
			runOnlyForDeploymentPostprocessing = 0;
		};
/* End PBXResourcesBuildPhase section */

/* Begin PBXSourcesBuildPhase section */
		8475065E25455BBE00BC939C /* Sources */ = {
			isa = PBXSourcesBuildPhase;
			buildActionMask = 2147483647;
			files = (
				8475067F2545714000BC939C /* UIView+AutoLayout.swift in Sources */,
				8475067C25455E3C00BC939C /* User.swift in Sources */,
				8475066A25455BBE00BC939C /* ViewController.swift in Sources */,
				847506822545716900BC939C /* AutoLayoutPropertyWrapper.swift in Sources */,
				8475066625455BBE00BC939C /* AppDelegate.swift in Sources */,
				8475066825455BBE00BC939C /* SceneDelegate.swift in Sources */,
			);
			runOnlyForDeploymentPostprocessing = 0;
		};
/* End PBXSourcesBuildPhase section */

/* Begin PBXVariantGroup section */
		8475067025455BBF00BC939C /* LaunchScreen.storyboard */ = {
			isa = PBXVariantGroup;
			children = (
				8475067125455BBF00BC939C /* Base */,
			);
			name = LaunchScreen.storyboard;
			sourceTree = "<group>";
		};
/* End PBXVariantGroup section */

/* Begin XCBuildConfiguration section */
		8475067425455BBF00BC939C /* Debug */ = {
			isa = XCBuildConfiguration;
			buildSettings = {
				ALWAYS_SEARCH_USER_PATHS = NO;
				CLANG_ANALYZER_NONNULL = YES;
				CLANG_ANALYZER_NUMBER_OBJECT_CONVERSION = YES_AGGRESSIVE;
				CLANG_CXX_LANGUAGE_STANDARD = "gnu++14";
				CLANG_CXX_LIBRARY = "libc++";
				CLANG_ENABLE_MODULES = YES;
				CLANG_ENABLE_OBJC_ARC = YES;
				CLANG_ENABLE_OBJC_WEAK = YES;
				CLANG_WARN_BLOCK_CAPTURE_AUTORELEASING = YES;
				CLANG_WARN_BOOL_CONVERSION = YES;
				CLANG_WARN_COMMA = YES;
				CLANG_WARN_CONSTANT_CONVERSION = YES;
				CLANG_WARN_DEPRECATED_OBJC_IMPLEMENTATIONS = YES;
				CLANG_WARN_DIRECT_OBJC_ISA_USAGE = YES_ERROR;
				CLANG_WARN_DOCUMENTATION_COMMENTS = YES;
				CLANG_WARN_EMPTY_BODY = YES;
				CLANG_WARN_ENUM_CONVERSION = YES;
				CLANG_WARN_INFINITE_RECURSION = YES;
				CLANG_WARN_INT_CONVERSION = YES;
				CLANG_WARN_NON_LITERAL_NULL_CONVERSION = YES;
				CLANG_WARN_OBJC_IMPLICIT_RETAIN_SELF = YES;
				CLANG_WARN_OBJC_LITERAL_CONVERSION = YES;
				CLANG_WARN_OBJC_ROOT_CLASS = YES_ERROR;
				CLANG_WARN_QUOTED_INCLUDE_IN_FRAMEWORK_HEADER = YES;
				CLANG_WARN_RANGE_LOOP_ANALYSIS = YES;
				CLANG_WARN_STRICT_PROTOTYPES = YES;
				CLANG_WARN_SUSPICIOUS_MOVE = YES;
				CLANG_WARN_UNGUARDED_AVAILABILITY = YES_AGGRESSIVE;
				CLANG_WARN_UNREACHABLE_CODE = YES;
				CLANG_WARN__DUPLICATE_METHOD_MATCH = YES;
				COPY_PHASE_STRIP = NO;
				DEBUG_INFORMATION_FORMAT = dwarf;
				ENABLE_STRICT_OBJC_MSGSEND = YES;
				ENABLE_TESTABILITY = YES;
				GCC_C_LANGUAGE_STANDARD = gnu11;
				GCC_DYNAMIC_NO_PIC = NO;
				GCC_NO_COMMON_BLOCKS = YES;
				GCC_OPTIMIZATION_LEVEL = 0;
				GCC_PREPROCESSOR_DEFINITIONS = (
					"DEBUG=1",
					"$(inherited)",
				);
				GCC_WARN_64_TO_32_BIT_CONVERSION = YES;
				GCC_WARN_ABOUT_RETURN_TYPE = YES_ERROR;
				GCC_WARN_UNDECLARED_SELECTOR = YES;
				GCC_WARN_UNINITIALIZED_AUTOS = YES_AGGRESSIVE;
				GCC_WARN_UNUSED_FUNCTION = YES;
				GCC_WARN_UNUSED_VARIABLE = YES;
				IPHONEOS_DEPLOYMENT_TARGET = 14.1;
				MTL_ENABLE_DEBUG_INFO = INCLUDE_SOURCE;
				MTL_FAST_MATH = YES;
				ONLY_ACTIVE_ARCH = YES;
				SDKROOT = iphoneos;
				SWIFT_ACTIVE_COMPILATION_CONDITIONS = DEBUG;
				SWIFT_OPTIMIZATION_LEVEL = "-Onone";
			};
			name = Debug;
		};
		8475067525455BBF00BC939C /* Release */ = {
			isa = XCBuildConfiguration;
			buildSettings = {
				ALWAYS_SEARCH_USER_PATHS = NO;
				CLANG_ANALYZER_NONNULL = YES;
				CLANG_ANALYZER_NUMBER_OBJECT_CONVERSION = YES_AGGRESSIVE;
				CLANG_CXX_LANGUAGE_STANDARD = "gnu++14";
				CLANG_CXX_LIBRARY = "libc++";
				CLANG_ENABLE_MODULES = YES;
				CLANG_ENABLE_OBJC_ARC = YES;
				CLANG_ENABLE_OBJC_WEAK = YES;
				CLANG_WARN_BLOCK_CAPTURE_AUTORELEASING = YES;
				CLANG_WARN_BOOL_CONVERSION = YES;
				CLANG_WARN_COMMA = YES;
				CLANG_WARN_CONSTANT_CONVERSION = YES;
				CLANG_WARN_DEPRECATED_OBJC_IMPLEMENTATIONS = YES;
				CLANG_WARN_DIRECT_OBJC_ISA_USAGE = YES_ERROR;
				CLANG_WARN_DOCUMENTATION_COMMENTS = YES;
				CLANG_WARN_EMPTY_BODY = YES;
				CLANG_WARN_ENUM_CONVERSION = YES;
				CLANG_WARN_INFINITE_RECURSION = YES;
				CLANG_WARN_INT_CONVERSION = YES;
				CLANG_WARN_NON_LITERAL_NULL_CONVERSION = YES;
				CLANG_WARN_OBJC_IMPLICIT_RETAIN_SELF = YES;
				CLANG_WARN_OBJC_LITERAL_CONVERSION = YES;
				CLANG_WARN_OBJC_ROOT_CLASS = YES_ERROR;
				CLANG_WARN_QUOTED_INCLUDE_IN_FRAMEWORK_HEADER = YES;
				CLANG_WARN_RANGE_LOOP_ANALYSIS = YES;
				CLANG_WARN_STRICT_PROTOTYPES = YES;
				CLANG_WARN_SUSPICIOUS_MOVE = YES;
				CLANG_WARN_UNGUARDED_AVAILABILITY = YES_AGGRESSIVE;
				CLANG_WARN_UNREACHABLE_CODE = YES;
				CLANG_WARN__DUPLICATE_METHOD_MATCH = YES;
				COPY_PHASE_STRIP = NO;
				DEBUG_INFORMATION_FORMAT = "dwarf-with-dsym";
				ENABLE_NS_ASSERTIONS = NO;
				ENABLE_STRICT_OBJC_MSGSEND = YES;
				GCC_C_LANGUAGE_STANDARD = gnu11;
				GCC_NO_COMMON_BLOCKS = YES;
				GCC_WARN_64_TO_32_BIT_CONVERSION = YES;
				GCC_WARN_ABOUT_RETURN_TYPE = YES_ERROR;
				GCC_WARN_UNDECLARED_SELECTOR = YES;
				GCC_WARN_UNINITIALIZED_AUTOS = YES_AGGRESSIVE;
				GCC_WARN_UNUSED_FUNCTION = YES;
				GCC_WARN_UNUSED_VARIABLE = YES;
				IPHONEOS_DEPLOYMENT_TARGET = 14.1;
				MTL_ENABLE_DEBUG_INFO = NO;
				MTL_FAST_MATH = YES;
				SDKROOT = iphoneos;
				SWIFT_COMPILATION_MODE = wholemodule;
				SWIFT_OPTIMIZATION_LEVEL = "-O";
				VALIDATE_PRODUCT = YES;
			};
			name = Release;
		};
		8475067725455BBF00BC939C /* Debug */ = {
			isa = XCBuildConfiguration;
			buildSettings = {
				ASSETCATALOG_COMPILER_APPICON_NAME = AppIcon;
				ASSETCATALOG_COMPILER_GLOBAL_ACCENT_COLOR_NAME = AccentColor;
				CODE_SIGN_STYLE = Automatic;
				DEVELOPMENT_TEAM = MTMVBPSRA5;
				INFOPLIST_FILE = DiffableDataSourceExample/Info.plist;
				LD_RUNPATH_SEARCH_PATHS = (
					"$(inherited)",
					"@executable_path/Frameworks",
				);
				PRODUCT_BUNDLE_IDENTIFIER = com.alperenunal.DiffableDataSourceExample;
				PRODUCT_NAME = "$(TARGET_NAME)";
				SWIFT_VERSION = 5.0;
				TARGETED_DEVICE_FAMILY = "1,2";
			};
			name = Debug;
		};
		8475067825455BBF00BC939C /* Release */ = {
			isa = XCBuildConfiguration;
			buildSettings = {
				ASSETCATALOG_COMPILER_APPICON_NAME = AppIcon;
				ASSETCATALOG_COMPILER_GLOBAL_ACCENT_COLOR_NAME = AccentColor;
				CODE_SIGN_STYLE = Automatic;
				DEVELOPMENT_TEAM = MTMVBPSRA5;
				INFOPLIST_FILE = DiffableDataSourceExample/Info.plist;
				LD_RUNPATH_SEARCH_PATHS = (
					"$(inherited)",
					"@executable_path/Frameworks",
				);
				PRODUCT_BUNDLE_IDENTIFIER = com.alperenunal.DiffableDataSourceExample;
				PRODUCT_NAME = "$(TARGET_NAME)";
				SWIFT_VERSION = 5.0;
				TARGETED_DEVICE_FAMILY = "1,2";
			};
			name = Release;
		};
/* End XCBuildConfiguration section */

/* Begin XCConfigurationList section */
		8475065D25455BBE00BC939C /* Build configuration list for PBXProject "DiffableDataSourceExample" */ = {
			isa = XCConfigurationList;
			buildConfigurations = (
				8475067425455BBF00BC939C /* Debug */,
				8475067525455BBF00BC939C /* Release */,
			);
			defaultConfigurationIsVisible = 0;
			defaultConfigurationName = Release;
		};
		8475067625455BBF00BC939C /* Build configuration list for PBXNativeTarget "DiffableDataSourceExample" */ = {
			isa = XCConfigurationList;
			buildConfigurations = (
				8475067725455BBF00BC939C /* Debug */,
				8475067825455BBF00BC939C /* Release */,
			);
			defaultConfigurationIsVisible = 0;
			defaultConfigurationName = Release;
		};
/* End XCConfigurationList section */
	};
	rootObject = 8475065A25455BBE00BC939C /* Project object */;
}
